{
    "_readme": [
        "This file locks the dependencies of your project to a known state",
        "Read more about it at https://getcomposer.org/doc/01-basic-usage.md#installing-dependencies",
        "This file is @generated automatically"
    ],
    "content-hash": "e406a075aaa3b75bbb63d5774124f3c9",
    "packages": [
        {
            "name": "cmdotcom/text-sdk-php",
            "version": "2.3.1",
            "source": {
                "type": "git",
                "url": "https://github.com/cmdotcom/text-sdk-php.git",
                "reference": "b0787fa62f18d3ed1a1f1c95c687a7c3d519aa24"
            },
            "dist": {
                "type": "zip",
                "url": "https://api.github.com/repos/cmdotcom/text-sdk-php/zipball/b0787fa62f18d3ed1a1f1c95c687a7c3d519aa24",
                "reference": "b0787fa62f18d3ed1a1f1c95c687a7c3d519aa24",
                "shasum": ""
            },
            "require": {
                "ext-curl": "*",
                "ext-json": "*",
                "php": "^7.0||^8.0"
            },
            "require-dev": {
                "phpunit/phpunit": "~6.0||~9.0"
            },
            "type": "library",
            "autoload": {
                "psr-0": {
                    "CMText": "src/"
                }
            },
            "notification-url": "https://packagist.org/downloads/",
            "license": [
                "MIT"
            ],
            "authors": [
                {
                    "name": "Niels Verbaken",
                    "email": "nv@cm.nl",
                    "role": "Developer"
                }
            ],
            "description": "PHP SDK to send messages with CM.com",
            "homepage": "https://www.cm.com/products/text/",
            "keywords": [
                "IMessage",
                "cm.com",
                "instagram",
                "line",
                "rcs",
                "sms",
                "twitter",
                "viber",
                "wechat",
                "whatsapp"
            ],
            "support": {
                "issues": "https://github.com/cmdotcom/text-sdk-php/issues",
                "source": "https://github.com/cmdotcom/text-sdk-php/tree/2.3.1"
            },
            "time": "2024-06-21T14:48:38+00:00"
        },
        {
            "name": "randomhost/icinga",
            "version": "1.0.0",
            "source": {
                "type": "git",
                "url": "https://github.com/randomhost/icinga.git",
                "reference": "6e6f6db485fc79657928b2d98b44ff934fdd4769"
            },
            "dist": {
                "type": "zip",
                "url": "https://api.github.com/repos/randomhost/icinga/zipball/6e6f6db485fc79657928b2d98b44ff934fdd4769",
                "reference": "6e6f6db485fc79657928b2d98b44ff934fdd4769",
                "shasum": ""
            },
            "require": {
                "php": ">=8.2.0"
            },
            "require-dev": {
                "phpunit/phpunit": "~9.0"
            },
            "type": "library",
            "autoload": {
                "psr-4": {
                    "randomhost\\Icinga\\": "src/php/"
                }
            },
            "notification-url": "https://packagist.org/downloads/",
            "license": [
                "BSD-3-Clause"
            ],
            "authors": [
                {
                    "name": "Ch'Ih-Yu",
                    "email": "chi-yu@web.de"
                }
            ],
            "description": "Provides Icinga check and notification commands.",
            "homepage": "https://github.random-host.tv",
            "keywords": [
                "icinga",
                "nagios"
            ],
            "support": {
                "issues": "https://github.com/randomhost/icinga/issues",
                "source": "https://github.com/randomhost/icinga/tree/1.0.0"
            },
            "time": "2025-08-02T09:05:16+00:00"
        },
        {
            "name": "randomhost/icinga-check-minecraft",
            "version": "1.0.0",
            "source": {
                "type": "git",
                "url": "https://github.com/randomhost/icinga-check-minecraft.git",
                "reference": "f8151c9dcea2fb5233831a87f8f1bb2a5dd020e7"
            },
            "dist": {
                "type": "zip",
                "url": "https://api.github.com/repos/randomhost/icinga-check-minecraft/zipball/f8151c9dcea2fb5233831a87f8f1bb2a5dd020e7",
                "reference": "f8151c9dcea2fb5233831a87f8f1bb2a5dd020e7",
                "shasum": ""
            },
            "require": {
                "composer-runtime-api": "^2.2",
                "php": ">=8.2.0",
                "randomhost/icinga": "~1.0.0",
                "randomhost/mcstat": "~0.0.2"
            },
            "require-dev": {
                "phpunit/phpunit": "~9.0"
            },
            "bin": [
                "src/bin/icinga-check-minecraft-playercount"
            ],
            "type": "library",
            "autoload": {
                "psr-4": {
                    "randomhost\\Icinga\\Check\\Minecraft\\": "src/php/"
                }
            },
            "notification-url": "https://packagist.org/downloads/",
            "license": [
                "BSD-3-Clause"
            ],
            "authors": [
                {
                    "name": "Ch'Ih-Yu",
                    "email": "chi-yu@web.de"
                }
            ],
            "description": "Provides Icinga check commands for Minecraft.",
            "homepage": "https://github.random-host.tv",
            "keywords": [
                "icinga",
                "minecraft",
                "nagios"
            ],
            "support": {
                "issues": "https://github.com/randomhost/icinga-check-minecraft/issues",
                "source": "https://github.com/randomhost/icinga-check-minecraft/tree/1.0.0"
            },
            "time": "2025-08-02T10:47:18+00:00"
        },
        {
            "name": "randomhost/icinga-notification",
            "version": "1.0.1",
            "source": {
                "type": "git",
                "url": "https://github.com/randomhost/icinga-notification.git",
                "reference": "4fd14ea349777026e7e00ec8935fce6a571df791"
            },
            "dist": {
                "type": "zip",
                "url": "https://api.github.com/repos/randomhost/icinga-notification/zipball/4fd14ea349777026e7e00ec8935fce6a571df791",
                "reference": "4fd14ea349777026e7e00ec8935fce6a571df791",
                "shasum": ""
            },
            "require": {
                "cmdotcom/text-sdk-php": "^2.2",
                "composer-runtime-api": "^2.2",
                "php": ">=8.2.0",
                "randomhost/icinga": "~1.0.0"
            },
            "require-dev": {
                "phpspec/prophecy": "^1.16",
                "phpspec/prophecy-phpunit": "^2.0",
                "phpunit/phpunit": "~9.0"
            },
            "bin": [
                "src/bin/icinga-notify-cmtext"
            ],
            "type": "library",
            "autoload": {
                "psr-4": {
                    "randomhost\\Icinga\\Notification\\": "src/php/"
                }
            },
            "notification-url": "https://packagist.org/downloads/",
            "license": [
                "BSD-3-Clause"
            ],
            "authors": [
                {
                    "name": "Ch'Ih-Yu",
                    "email": "chi-yu@web.de"
                }
            ],
            "description": "Provides common notification commands for the randomhost/icinga package.",
            "homepage": "https://github.random-host.tv",
            "keywords": [
                "icinga",
                "nagios"
            ],
            "support": {
                "issues": "https://github.com/randomhost/icinga-notification/issues",
                "source": "https://github.com/randomhost/icinga-notification/tree/1.0.1"
            },
            "time": "2025-08-02T12:12:07+00:00"
        },
        {
            "name": "randomhost/mcstat",
            "version": "0.0.2",
            "source": {
                "type": "git",
                "url": "https://github.com/randomhost/mcstat.git",
                "reference": "91931d86b76c573b81d6f8934e18098ae3de5592"
            },
            "dist": {
                "type": "zip",
                "url": "https://api.github.com/repos/randomhost/mcstat/zipball/91931d86b76c573b81d6f8934e18098ae3de5592",
                "reference": "91931d86b76c573b81d6f8934e18098ae3de5592",
                "shasum": ""
            },
            "require": {
                "php": ">=5.3.0"
            },
            "require-dev": {
                "behat/behat": "~2.0",
                "phpspec/phpspec": "~2.4",
                "phpunit/phpunit": "~4.0"
            },
            "type": "library",
            "autoload": {
                "psr-4": {
                    "randomhost\\Minecraft\\": "src/php/"
                }
            },
            "notification-url": "https://packagist.org/downloads/",
            "license": [
                "MIT"
            ],
            "authors": [
                {
                    "name": "Winston Weinert",
                    "email": "WinstonOne@fastmail.fm",
                    "role": "Developer"
                },
                {
                    "name": "Anders G. Jørgensen",
                    "email": "anders@spirit55555.dk",
                    "role": "Contributor"
                },
                {
                    "name": "Ch'Ih-Yu",
                    "email": "chi-yu@web.de",
                    "role": "Contributor"
                }
            ],
            "description": "Retrieves status information from a Minecraft server.",
            "homepage": "https://www.random-host.com",
            "keywords": [
                "minecraft"
            ],
            "support": {
                "issues": "https://github.com/randomhost/mcstat/issues",
                "source": "https://github.com/randomhost/mcstat/tree/master"
            },
            "time": "2016-10-03T21:11:53+00:00"
        }
    ],
    "packages-dev": [],
    "aliases": [],
    "minimum-stability": "stable",
    "stability-flags": {},
    "prefer-stable": false,
    "prefer-lowest": false,
    "platform": {
        "php": ">=8.2.0"
    },
    "platform-dev": {},
    "platform-overrides": {
        "php": "8.2.29"
    },
    "plugin-api-version": "2.6.0"
}
